
Microsoft Visual Studio Solution File, Format Version 12.00
# Visual Studio Version 17
VisualStudioVersion = 17.4.33205.214
MinimumVisualStudioVersion = 10.0.40219.1
Project("{FAE04EC0-301F-11D3-BF4B-00C04F79EFBC}") = "teams-openai-bot-csharp", "teams-openai-bot-csharp.csproj", "{28BA8F14-78DE-4367-9712-8A9DF812304B}"
EndProject
Global
	GlobalSection(SolutionConfigurationPlatforms) = preSolution
		Debug|Any CPU = Debug|Any CPU
		Release|Any CPU = Release|Any CPU
	EndGlobalSection
	GlobalSection(ProjectConfigurationPlatforms) = postSolution
		{28BA8F14-78DE-4367-9712-8A9DF812304B}.Debug|Any CPU.ActiveCfg = Debug|Any CPU
		{28BA8F14-78DE-4367-9712-8A9DF812304B}.Debug|Any CPU.Build.0 = Debug|Any CPU
		{28BA8F14-78DE-4367-9712-8A9DF812304B}.Release|Any CPU.ActiveCfg = Release|Any CPU
		{28BA8F14-78DE-4367-9712-8A9DF812304B}.Release|Any CPU.Build.0 = Release|Any CPU
	EndGlobalSection
	GlobalSection(SolutionProperties) = preSolution
		HideSolutionNode = FALSE
	EndGlobalSection
	GlobalSection(ExtensibilityGlobals) = postSolution
		SolutionGuid = {005117BC-62A0-4E23-A93F-B550DC582811}
	EndGlobalSection
EndGlobal
